
Microsoft Visual Studio Solution File, Format Version 12.00
# Visual Studio Version 17
VisualStudioVersion = 17.6.33829.357
MinimumVisualStudioVersion = 10.0.40219.1
Project("{FAE04EC0-301F-11D3-BF4B-00C04F79EFBC}") = "CandidateTesting.RonaldoRodriguesLopes.Application", "CandidateTesting.RonaldoRodriguesLopes.Application\CandidateTesting.RonaldoRodriguesLopes.Application.csproj", "{5FA63BEF-8DE4-460F-A9CE-B62299BBA94E}"
EndProject
Project("{FAE04EC0-301F-11D3-BF4B-00C04F79EFBC}") = "CandidateTesting.RonaldoRodriguesLopes.Test", "CandidateTesting.RonaldoRodriguesLopes.Test\CandidateTesting.RonaldoRodriguesLopes.Test.csproj", "{E683A984-FCB5-4520-A584-8A58E025BB4E}"
EndProject
Global
	GlobalSection(SolutionConfigurationPlatforms) = preSolution
		Debug|Any CPU = Debug|Any CPU
		Release|Any CPU = Release|Any CPU
	EndGlobalSection
	GlobalSection(ProjectConfigurationPlatforms) = postSolution
		{5FA63BEF-8DE4-460F-A9CE-B62299BBA94E}.Debug|Any CPU.ActiveCfg = Debug|Any CPU
		{5FA63BEF-8DE4-460F-A9CE-B62299BBA94E}.Debug|Any CPU.Build.0 = Debug|Any CPU
		{5FA63BEF-8DE4-460F-A9CE-B62299BBA94E}.Release|Any CPU.ActiveCfg = Release|Any CPU
		{5FA63BEF-8DE4-460F-A9CE-B62299BBA94E}.Release|Any CPU.Build.0 = Release|Any CPU
		{E683A984-FCB5-4520-A584-8A58E025BB4E}.Debug|Any CPU.ActiveCfg = Debug|Any CPU
		{E683A984-FCB5-4520-A584-8A58E025BB4E}.Debug|Any CPU.Build.0 = Debug|Any CPU
		{E683A984-FCB5-4520-A584-8A58E025BB4E}.Release|Any CPU.ActiveCfg = Release|Any CPU
		{E683A984-FCB5-4520-A584-8A58E025BB4E}.Release|Any CPU.Build.0 = Release|Any CPU
	EndGlobalSection
	GlobalSection(SolutionProperties) = preSolution
		HideSolutionNode = FALSE
	EndGlobalSection
	GlobalSection(ExtensibilityGlobals) = postSolution
		SolutionGuid = {FA9C81FB-FF25-40A3-9A0A-AA86DAF7AC8D}
	EndGlobalSection
EndGlobal
